
Microsoft Visual Studio Solution File, Format Version 12.00
# Visual Studio Version 17
VisualStudioVersion = 17.5.33516.290
MinimumVisualStudioVersion = 10.0.40219.1
Project("{9A19103F-16F7-4668-BE54-9A1E7A4F7556}") = "Darshit_Task-2", "Darshit_Task-2\Darshit_Task-2.csproj", "{B4A7D5B6-9B5D-459A-AA22-4C64363F1A1D}"
EndProject
Project("{FAE04EC0-301F-11D3-BF4B-00C04F79EFBC}") = "DataAccess", "DataAccess\DataAccess.csproj", "{9C11DB31-4418-4DD8-AB9D-F6B80D9CC638}"
EndProject
Project("{FAE04EC0-301F-11D3-BF4B-00C04F79EFBC}") = "Model", "Model\Model.csproj", "{65DF3AC8-3E0D-4F89-B8C3-FD1D7FFFE43B}"
EndProject
Global
	GlobalSection(SolutionConfigurationPlatforms) = preSolution
		Debug|Any CPU = Debug|Any CPU
		Release|Any CPU = Release|Any CPU
	EndGlobalSection
	GlobalSection(ProjectConfigurationPlatforms) = postSolution
		{B4A7D5B6-9B5D-459A-AA22-4C64363F1A1D}.Debug|Any CPU.ActiveCfg = Debug|Any CPU
		{B4A7D5B6-9B5D-459A-AA22-4C64363F1A1D}.Debug|Any CPU.Build.0 = Debug|Any CPU
		{B4A7D5B6-9B5D-459A-AA22-4C64363F1A1D}.Release|Any CPU.ActiveCfg = Release|Any CPU
		{B4A7D5B6-9B5D-459A-AA22-4C64363F1A1D}.Release|Any CPU.Build.0 = Release|Any CPU
		{9C11DB31-4418-4DD8-AB9D-F6B80D9CC638}.Debug|Any CPU.ActiveCfg = Debug|Any CPU
		{9C11DB31-4418-4DD8-AB9D-F6B80D9CC638}.Debug|Any CPU.Build.0 = Debug|Any CPU
		{9C11DB31-4418-4DD8-AB9D-F6B80D9CC638}.Release|Any CPU.ActiveCfg = Release|Any CPU
		{9C11DB31-4418-4DD8-AB9D-F6B80D9CC638}.Release|Any CPU.Build.0 = Release|Any CPU
		{65DF3AC8-3E0D-4F89-B8C3-FD1D7FFFE43B}.Debug|Any CPU.ActiveCfg = Debug|Any CPU
		{65DF3AC8-3E0D-4F89-B8C3-FD1D7FFFE43B}.Debug|Any CPU.Build.0 = Debug|Any CPU
		{65DF3AC8-3E0D-4F89-B8C3-FD1D7FFFE43B}.Release|Any CPU.ActiveCfg = Release|Any CPU
		{65DF3AC8-3E0D-4F89-B8C3-FD1D7FFFE43B}.Release|Any CPU.Build.0 = Release|Any CPU
	EndGlobalSection
	GlobalSection(SolutionProperties) = preSolution
		HideSolutionNode = FALSE
	EndGlobalSection
	GlobalSection(ExtensibilityGlobals) = postSolution
		SolutionGuid = {50E26663-ED72-4B0B-A605-1E0FB84B3F6F}
	EndGlobalSection
EndGlobal
